github.com/arl/statsviz v0.5.1 h1:3HY0ZEB738JtguWsD1Tf1pFJZiCcWUmYRq/3OTYKaSI=
github.com/arl/statsviz v0.5.1/go.mod h1:zDnjgRblGm1Dyd7J5YlbH7gM1/+HRC+SfkhZhQb5AnM=
github.com/falcosecurity/plugin-sdk-go v0.1.0 h1:uLcU/3ydPxXHpojqHg8hROaPL2fsE43VdoS//OL1HoI=
github.com/falcosecurity/plugin-sdk-go v0.1.0/go.mod h1:9IdFIqRwJIFDfKnwTTM6S4mLITNfdjVl+5r4RY0TmRo=
github.com/falcosecurity/plugin-sdk-go v0.5.0 h1:BPHdVyzJGx0mILvHUJ13lO2H02ZgISlZ5luWwIWpG98=
github.com/falcosecurity/plugin-sdk-go v0.5.0/go.mod h1:9IdFIqRwJIFDfKnwTTM6S4mLITNfdjVl+5r4RY0TmRo=
github.com/fallenstedt/twitter-stream v0.4.1 h1:GD0mQO4XLX2f89R2qxhjMlbuwPYPtup+/tCPEVXLIas=
github.com/fallenstedt/twitter-stream v0.4.1/go.mod h1:rI9+ApaAA61jczjpin3vlREA9ONK4P4H4GVUNEXyoq0=
github.com/fallenstedt/twitter-stream v0.4.2 h1:6FOs9OM0BWuPlR7NMlUsw8VJ9bcEr+RqGxIPAS524sA=
github.com/fallenstedt/twitter-stream v0.4.2/go.mod h1:rI9+ApaAA61jczjpin3vlREA9ONK4P4H4GVUNEXyoq0=
github.com/gorilla/websocket v1.4.2 h1:+/TMaTYc4QFitKJxsQ7Yye35DkWvkdLcvGKqM+x0Ufc=
github.com/gorilla/websocket v1.4.2/go.mod h1:YR8l580nyteQvAITg2hZ9XVh4b55+EU/adAjf1fMHhE=
